
Microsoft Visual Studio Solution File, Format Version 12.00
# Visual Studio 14
VisualStudioVersion = 14.0.25420.1
MinimumVisualStudioVersion = 10.0.40219.1
Project("{FAE04EC0-301F-11D3-BF4B-00C04F79EFBC}") = "FractionLibrary", "FractionLibrary\FractionLibrary.csproj", "{934C8041-3608-4431-91F0-42CC133E6AAD}"
EndProject
Project("{FAE04EC0-301F-11D3-BF4B-00C04F79EFBC}") = "TestApp", "TestApp\TestApp.csproj", "{C792376F-CAE8-436A-BD96-F2085618B0CA}"
EndProject
Global
	GlobalSection(SolutionConfigurationPlatforms) = preSolution
		Debug|Any CPU = Debug|Any CPU
		Release|Any CPU = Release|Any CPU
	EndGlobalSection
	GlobalSection(ProjectConfigurationPlatforms) = postSolution
		{934C8041-3608-4431-91F0-42CC133E6AAD}.Debug|Any CPU.ActiveCfg = Debug|Any CPU
		{934C8041-3608-4431-91F0-42CC133E6AAD}.Debug|Any CPU.Build.0 = Debug|Any CPU
		{934C8041-3608-4431-91F0-42CC133E6AAD}.Release|Any CPU.ActiveCfg = Release|Any CPU
		{934C8041-3608-4431-91F0-42CC133E6AAD}.Release|Any CPU.Build.0 = Release|Any CPU
		{C792376F-CAE8-436A-BD96-F2085618B0CA}.Debug|Any CPU.ActiveCfg = Debug|Any CPU
		{C792376F-CAE8-436A-BD96-F2085618B0CA}.Debug|Any CPU.Build.0 = Debug|Any CPU
		{C792376F-CAE8-436A-BD96-F2085618B0CA}.Release|Any CPU.ActiveCfg = Release|Any CPU
		{C792376F-CAE8-436A-BD96-F2085618B0CA}.Release|Any CPU.Build.0 = Release|Any CPU
	EndGlobalSection
	GlobalSection(SolutionProperties) = preSolution
		HideSolutionNode = FALSE
	EndGlobalSection
EndGlobal
